
Microsoft Visual Studio Solution File, Format Version 12.00
# Visual Studio Version 17
VisualStudioVersion = 17.0.31903.59
MinimumVisualStudioVersion = 10.0.40219.1
Project("{2150E333-8FDC-42A3-9474-1A3956D46DE8}") = "Sources", "Sources", "{48A0FAEB-B9F5-4061-B062-85F25266FE46}"
EndProject
Project("{FAE04EC0-301F-11D3-BF4B-00C04F79EFBC}") = "OnlySpans.PolyLeads.Api", "OnlySpans.PolyLeads.Api\OnlySpans.PolyLeads.Api.csproj", "{C5F91596-F110-4A16-9501-6CAD5ADF14AF}"
EndProject
Project("{FAE04EC0-301F-11D3-BF4B-00C04F79EFBC}") = "OnlySpans.PolyLeads.ReverseProxy", "OnlySpans.PolyLeads.ReverseProxy\OnlySpans.PolyLeads.ReverseProxy.csproj", "{13C6DD91-5BAC-4D55-BA6E-757586B30210}"
EndProject
Project("{2150E333-8FDC-42A3-9474-1A3956D46DE8}") = "Tests", "Tests", "{74E986A5-C8C9-45E6-9F74-88B98BBE308D}"
EndProject
Project("{FAE04EC0-301F-11D3-BF4B-00C04F79EFBC}") = "OnlySpans.PolyLeads.Api.Tests", "tests\OnlySpans.PolyLeads.Api.Tests\OnlySpans.PolyLeads.Api.Tests.csproj", "{E94FD102-8374-410A-A77A-22F9AD3E2D31}"
EndProject
Project("{2150E333-8FDC-42A3-9474-1A3956D46DE8}") = "SolutionItems", "SolutionItems", "{5F921C70-5836-46FE-995E-8FD8C442C4E5}"
	ProjectSection(SolutionItems) = preProject
		dev.docker-compose.yml = dev.docker-compose.yml
	EndProjectSection
EndProject
Global
	GlobalSection(SolutionConfigurationPlatforms) = preSolution
		Debug|Any CPU = Debug|Any CPU
		Release|Any CPU = Release|Any CPU
	EndGlobalSection
	GlobalSection(SolutionProperties) = preSolution
		HideSolutionNode = FALSE
	EndGlobalSection
	GlobalSection(ProjectConfigurationPlatforms) = postSolution
		{C5F91596-F110-4A16-9501-6CAD5ADF14AF}.Debug|Any CPU.ActiveCfg = Debug|Any CPU
		{C5F91596-F110-4A16-9501-6CAD5ADF14AF}.Debug|Any CPU.Build.0 = Debug|Any CPU
		{C5F91596-F110-4A16-9501-6CAD5ADF14AF}.Release|Any CPU.ActiveCfg = Release|Any CPU
		{C5F91596-F110-4A16-9501-6CAD5ADF14AF}.Release|Any CPU.Build.0 = Release|Any CPU
		{13C6DD91-5BAC-4D55-BA6E-757586B30210}.Debug|Any CPU.ActiveCfg = Debug|Any CPU
		{13C6DD91-5BAC-4D55-BA6E-757586B30210}.Debug|Any CPU.Build.0 = Debug|Any CPU
		{13C6DD91-5BAC-4D55-BA6E-757586B30210}.Release|Any CPU.ActiveCfg = Release|Any CPU
		{13C6DD91-5BAC-4D55-BA6E-757586B30210}.Release|Any CPU.Build.0 = Release|Any CPU
		{E94FD102-8374-410A-A77A-22F9AD3E2D31}.Debug|Any CPU.ActiveCfg = Debug|Any CPU
		{E94FD102-8374-410A-A77A-22F9AD3E2D31}.Debug|Any CPU.Build.0 = Debug|Any CPU
		{E94FD102-8374-410A-A77A-22F9AD3E2D31}.Release|Any CPU.ActiveCfg = Release|Any CPU
		{E94FD102-8374-410A-A77A-22F9AD3E2D31}.Release|Any CPU.Build.0 = Release|Any CPU
	EndGlobalSection
	GlobalSection(NestedProjects) = preSolution
		{C5F91596-F110-4A16-9501-6CAD5ADF14AF} = {48A0FAEB-B9F5-4061-B062-85F25266FE46}
		{13C6DD91-5BAC-4D55-BA6E-757586B30210} = {48A0FAEB-B9F5-4061-B062-85F25266FE46}
		{E94FD102-8374-410A-A77A-22F9AD3E2D31} = {74E986A5-C8C9-45E6-9F74-88B98BBE308D}
	EndGlobalSection
EndGlobal
