
Microsoft Visual Studio Solution File, Format Version 12.00
# Visual Studio Version 17
VisualStudioVersion = 17.0.31903.59
MinimumVisualStudioVersion = 10.0.40219.1
Project("{2150E333-8FDC-42A3-9474-1A3956D46DE8}") = "Sources", "Sources", "{48A0FAEB-B9F5-4061-B062-85F25266FE46}"
EndProject
Project("{FAE04EC0-301F-11D3-BF4B-00C04F79EFBC}") = "OnlySpans.PolyLeads.Api", "src\OnlySpans.PolyLeads.Api\OnlySpans.PolyLeads.Api.csproj", "{C5F91596-F110-4A16-9501-6CAD5ADF14AF}"
EndProject
Project("{FAE04EC0-301F-11D3-BF4B-00C04F79EFBC}") = "OnlySpans.PolyLeads.ReverseProxy", "src\OnlySpans.PolyLeads.ReverseProxy\OnlySpans.PolyLeads.ReverseProxy.csproj", "{13C6DD91-5BAC-4D55-BA6E-757586B30210}"
EndProject
Project("{2150E333-8FDC-42A3-9474-1A3956D46DE8}") = "Tests", "Tests", "{74E986A5-C8C9-45E6-9F74-88B98BBE308D}"
EndProject
Project("{FAE04EC0-301F-11D3-BF4B-00C04F79EFBC}") = "OnlySpans.PolyLeads.Api.Tests", "tests\OnlySpans.PolyLeads.Api.Tests\OnlySpans.PolyLeads.Api.Tests.csproj", "{E94FD102-8374-410A-A77A-22F9AD3E2D31}"
EndProject
Project("{2150E333-8FDC-42A3-9474-1A3956D46DE8}") = "Solution Items", "Solution Items", "{5F921C70-5836-46FE-995E-8FD8C442C4E5}"
	ProjectSection(SolutionItems) = preProject
		Readme.md = Readme.md
		.github\workflows\dotnet.yml = .github\workflows\dotnet.yml
	EndProjectSection
EndProject
Project("{FAE04EC0-301F-11D3-BF4B-00C04F79EFBC}") = "OnlySpans.PolyLeads.Api.Schema", "src\OnlySpans.PolyLeads.Api.Schema\OnlySpans.PolyLeads.Api.Schema.csproj", "{0FEC7030-9659-461D-93D6-C383EF0A88CE}"
EndProject
Project("{FAE04EC0-301F-11D3-BF4B-00C04F79EFBC}") = "OnlySpans.Aspire.ServiceDefaults", "src\OnlySpans.Aspire.ServiceDefaults\OnlySpans.Aspire.ServiceDefaults.csproj", "{C6627B8D-5C25-4D54-8A5C-126763BEA4A0}"
EndProject
Project("{FAE04EC0-301F-11D3-BF4B-00C04F79EFBC}") = "OnlySpans.Aspire.AppHost", "src\OnlySpans.Aspire.AppHost\OnlySpans.Aspire.AppHost.csproj", "{E6AFAB39-2F39-447F-9F38-A00DEB4F161F}"
EndProject
Global
	GlobalSection(SolutionConfigurationPlatforms) = preSolution
		Debug|Any CPU = Debug|Any CPU
		Release|Any CPU = Release|Any CPU
	EndGlobalSection
	GlobalSection(SolutionProperties) = preSolution
		HideSolutionNode = FALSE
	EndGlobalSection
	GlobalSection(ProjectConfigurationPlatforms) = postSolution
		{C5F91596-F110-4A16-9501-6CAD5ADF14AF}.Debug|Any CPU.ActiveCfg = Debug|Any CPU
		{C5F91596-F110-4A16-9501-6CAD5ADF14AF}.Debug|Any CPU.Build.0 = Debug|Any CPU
		{C5F91596-F110-4A16-9501-6CAD5ADF14AF}.Release|Any CPU.ActiveCfg = Release|Any CPU
		{C5F91596-F110-4A16-9501-6CAD5ADF14AF}.Release|Any CPU.Build.0 = Release|Any CPU
		{13C6DD91-5BAC-4D55-BA6E-757586B30210}.Debug|Any CPU.ActiveCfg = Debug|Any CPU
		{13C6DD91-5BAC-4D55-BA6E-757586B30210}.Debug|Any CPU.Build.0 = Debug|Any CPU
		{13C6DD91-5BAC-4D55-BA6E-757586B30210}.Release|Any CPU.ActiveCfg = Release|Any CPU
		{13C6DD91-5BAC-4D55-BA6E-757586B30210}.Release|Any CPU.Build.0 = Release|Any CPU
		{E94FD102-8374-410A-A77A-22F9AD3E2D31}.Debug|Any CPU.ActiveCfg = Debug|Any CPU
		{E94FD102-8374-410A-A77A-22F9AD3E2D31}.Debug|Any CPU.Build.0 = Debug|Any CPU
		{E94FD102-8374-410A-A77A-22F9AD3E2D31}.Release|Any CPU.ActiveCfg = Release|Any CPU
		{E94FD102-8374-410A-A77A-22F9AD3E2D31}.Release|Any CPU.Build.0 = Release|Any CPU
		{0FEC7030-9659-461D-93D6-C383EF0A88CE}.Debug|Any CPU.ActiveCfg = Debug|Any CPU
		{0FEC7030-9659-461D-93D6-C383EF0A88CE}.Debug|Any CPU.Build.0 = Debug|Any CPU
		{0FEC7030-9659-461D-93D6-C383EF0A88CE}.Release|Any CPU.ActiveCfg = Release|Any CPU
		{0FEC7030-9659-461D-93D6-C383EF0A88CE}.Release|Any CPU.Build.0 = Release|Any CPU
		{C6627B8D-5C25-4D54-8A5C-126763BEA4A0}.Debug|Any CPU.ActiveCfg = Debug|Any CPU
		{C6627B8D-5C25-4D54-8A5C-126763BEA4A0}.Debug|Any CPU.Build.0 = Debug|Any CPU
		{C6627B8D-5C25-4D54-8A5C-126763BEA4A0}.Release|Any CPU.ActiveCfg = Release|Any CPU
		{C6627B8D-5C25-4D54-8A5C-126763BEA4A0}.Release|Any CPU.Build.0 = Release|Any CPU
		{E6AFAB39-2F39-447F-9F38-A00DEB4F161F}.Debug|Any CPU.ActiveCfg = Debug|Any CPU
		{E6AFAB39-2F39-447F-9F38-A00DEB4F161F}.Debug|Any CPU.Build.0 = Debug|Any CPU
		{E6AFAB39-2F39-447F-9F38-A00DEB4F161F}.Release|Any CPU.ActiveCfg = Release|Any CPU
		{E6AFAB39-2F39-447F-9F38-A00DEB4F161F}.Release|Any CPU.Build.0 = Release|Any CPU
	EndGlobalSection
	GlobalSection(NestedProjects) = preSolution
		{C5F91596-F110-4A16-9501-6CAD5ADF14AF} = {48A0FAEB-B9F5-4061-B062-85F25266FE46}
		{13C6DD91-5BAC-4D55-BA6E-757586B30210} = {48A0FAEB-B9F5-4061-B062-85F25266FE46}
		{E94FD102-8374-410A-A77A-22F9AD3E2D31} = {74E986A5-C8C9-45E6-9F74-88B98BBE308D}
		{0FEC7030-9659-461D-93D6-C383EF0A88CE} = {48A0FAEB-B9F5-4061-B062-85F25266FE46}
		{C6627B8D-5C25-4D54-8A5C-126763BEA4A0} = {48A0FAEB-B9F5-4061-B062-85F25266FE46}
		{E6AFAB39-2F39-447F-9F38-A00DEB4F161F} = {48A0FAEB-B9F5-4061-B062-85F25266FE46}
	EndGlobalSection
EndGlobal
