
Microsoft Visual Studio Solution File, Format Version 12.00
# Visual Studio Version 17
VisualStudioVersion = 17.0.31903.59
MinimumVisualStudioVersion = 10.0.40219.1
Project("{2150E333-8FDC-42A3-9474-1A3956D46DE8}") = "src", "src", "{48A0FAEB-B9F5-4061-B062-85F25266FE46}"
EndProject
Project("{FAE04EC0-301F-11D3-BF4B-00C04F79EFBC}") = "OnlySpans.PolyLeads.Api", "src\OnlySpans.PolyLeads.Api\OnlySpans.PolyLeads.Api.csproj", "{C5F91596-F110-4A16-9501-6CAD5ADF14AF}"
EndProject
Project("{FAE04EC0-301F-11D3-BF4B-00C04F79EFBC}") = "OnlySpans.PolyLeads.ReverseProxy", "src\OnlySpans.PolyLeads.ReverseProxy\OnlySpans.PolyLeads.ReverseProxy.csproj", "{13C6DD91-5BAC-4D55-BA6E-757586B30210}"
EndProject
Project("{2150E333-8FDC-42A3-9474-1A3956D46DE8}") = "tests", "tests", "{74E986A5-C8C9-45E6-9F74-88B98BBE308D}"
EndProject
Project("{FAE04EC0-301F-11D3-BF4B-00C04F79EFBC}") = "OnlySpans.PolyLeads.Api.Tests", "tests\OnlySpans.PolyLeads.Api.Tests\OnlySpans.PolyLeads.Api.Tests.csproj", "{E94FD102-8374-410A-A77A-22F9AD3E2D31}"
EndProject
Project("{2150E333-8FDC-42A3-9474-1A3956D46DE8}") = "sln", "sln", "{5F921C70-5836-46FE-995E-8FD8C442C4E5}"
	ProjectSection(SolutionItems) = preProject
		Readme.md = Readme.md
		.gitignore = .gitignore
	EndProjectSection
EndProject
Project("{FAE04EC0-301F-11D3-BF4B-00C04F79EFBC}") = "OnlySpans.PolyLeads.Dto", "src\OnlySpans.PolyLeads.Dto\OnlySpans.PolyLeads.Dto.csproj", "{6FCF6103-27B3-498B-A327-7A5015DD3715}"
EndProject
Project("{2150E333-8FDC-42A3-9474-1A3956D46DE8}") = "github", "github", "{BC64E724-A9C6-49B6-8563-1429736D9148}"
	ProjectSection(SolutionItems) = preProject
		.github\workflows\dotnet.yml = .github\workflows\dotnet.yml
	EndProjectSection
EndProject
Project("{2150E333-8FDC-42A3-9474-1A3956D46DE8}") = "docker", "docker", "{EECDA040-6AF3-4E66-B6FD-5B3A7EFB8E6B}"
	ProjectSection(SolutionItems) = preProject
		docker-compose.yml = docker-compose.yml
		.env.ui-only = .env.ui-only
		.env.api-only = .env.api-only
		.env = .env
	EndProjectSection
EndProject
Project("{2150E333-8FDC-42A3-9474-1A3956D46DE8}") = "sql", "sql", "{D6DBA086-8489-4658-A381-20967B53A59D}"
	ProjectSection(SolutionItems) = preProject
		init.sql = init.sql
	EndProjectSection
EndProject
Global
	GlobalSection(SolutionConfigurationPlatforms) = preSolution
		Debug|Any CPU = Debug|Any CPU
		Release|Any CPU = Release|Any CPU
	EndGlobalSection
	GlobalSection(SolutionProperties) = preSolution
		HideSolutionNode = FALSE
	EndGlobalSection
	GlobalSection(ProjectConfigurationPlatforms) = postSolution
		{C5F91596-F110-4A16-9501-6CAD5ADF14AF}.Debug|Any CPU.ActiveCfg = Debug|Any CPU
		{C5F91596-F110-4A16-9501-6CAD5ADF14AF}.Debug|Any CPU.Build.0 = Debug|Any CPU
		{C5F91596-F110-4A16-9501-6CAD5ADF14AF}.Release|Any CPU.ActiveCfg = Release|Any CPU
		{C5F91596-F110-4A16-9501-6CAD5ADF14AF}.Release|Any CPU.Build.0 = Release|Any CPU
		{13C6DD91-5BAC-4D55-BA6E-757586B30210}.Debug|Any CPU.ActiveCfg = Debug|Any CPU
		{13C6DD91-5BAC-4D55-BA6E-757586B30210}.Debug|Any CPU.Build.0 = Debug|Any CPU
		{13C6DD91-5BAC-4D55-BA6E-757586B30210}.Release|Any CPU.ActiveCfg = Release|Any CPU
		{13C6DD91-5BAC-4D55-BA6E-757586B30210}.Release|Any CPU.Build.0 = Release|Any CPU
		{E94FD102-8374-410A-A77A-22F9AD3E2D31}.Debug|Any CPU.ActiveCfg = Debug|Any CPU
		{E94FD102-8374-410A-A77A-22F9AD3E2D31}.Debug|Any CPU.Build.0 = Debug|Any CPU
		{E94FD102-8374-410A-A77A-22F9AD3E2D31}.Release|Any CPU.ActiveCfg = Release|Any CPU
		{E94FD102-8374-410A-A77A-22F9AD3E2D31}.Release|Any CPU.Build.0 = Release|Any CPU
		{6FCF6103-27B3-498B-A327-7A5015DD3715}.Debug|Any CPU.ActiveCfg = Debug|Any CPU
		{6FCF6103-27B3-498B-A327-7A5015DD3715}.Debug|Any CPU.Build.0 = Debug|Any CPU
		{6FCF6103-27B3-498B-A327-7A5015DD3715}.Release|Any CPU.ActiveCfg = Release|Any CPU
		{6FCF6103-27B3-498B-A327-7A5015DD3715}.Release|Any CPU.Build.0 = Release|Any CPU
	EndGlobalSection
	GlobalSection(NestedProjects) = preSolution
		{C5F91596-F110-4A16-9501-6CAD5ADF14AF} = {48A0FAEB-B9F5-4061-B062-85F25266FE46}
		{13C6DD91-5BAC-4D55-BA6E-757586B30210} = {48A0FAEB-B9F5-4061-B062-85F25266FE46}
		{E94FD102-8374-410A-A77A-22F9AD3E2D31} = {74E986A5-C8C9-45E6-9F74-88B98BBE308D}
		{6FCF6103-27B3-498B-A327-7A5015DD3715} = {48A0FAEB-B9F5-4061-B062-85F25266FE46}
		{BC64E724-A9C6-49B6-8563-1429736D9148} = {5F921C70-5836-46FE-995E-8FD8C442C4E5}
		{EECDA040-6AF3-4E66-B6FD-5B3A7EFB8E6B} = {5F921C70-5836-46FE-995E-8FD8C442C4E5}
		{D6DBA086-8489-4658-A381-20967B53A59D} = {5F921C70-5836-46FE-995E-8FD8C442C4E5}
	EndGlobalSection
EndGlobal
